// !$*UTF8*$!
{
	archiveVersion = 1;
	classes = {
	};
	objectVersion = 46;
	objects = {

/* Begin PBXBuildFile section */
		5263DFD01E726D09006FF910 /* main.m in Sources */ = {isa = PBXBuildFile; fileRef = 5263DFCF1E726D09006FF910 /* main.m */; };
		5263DFD31E726D09006FF910 /* AppDelegate.m in Sources */ = {isa = PBXBuildFile; fileRef = 5263DFD21E726D09006FF910 /* AppDelegate.m */; };
		5263DFD61E726D09006FF910 /* ViewController.m in Sources */ = {isa = PBXBuildFile; fileRef = 5263DFD51E726D09006FF910 /* ViewController.m */; };
		5263DFD91E726D0A006FF910 /* Main.storyboard in Resources */ = {isa = PBXBuildFile; fileRef = 5263DFD71E726D0A006FF910 /* Main.storyboard */; };
		5263DFDC1E726D0A006FF910 /* SingletonClass.xcdatamodeld in Sources */ = {isa = PBXBuildFile; fileRef = 5263DFDA1E726D0A006FF910 /* SingletonClass.xcdatamodeld */; };
		5263DFDE1E726D0A006FF910 /* Assets.xcassets in Resources */ = {isa = PBXBuildFile; fileRef = 5263DFDD1E726D0A006FF910 /* Assets.xcassets */; };
		5263DFE11E726D0A006FF910 /* LaunchScreen.storyboard in Resources */ = {isa = PBXBuildFile; fileRef = 5263DFDF1E726D0A006FF910 /* LaunchScreen.storyboard */; };
		5263DFEA1E726D73006FF910 /* CustomSingletonClass.m in Sources */ = {isa = PBXBuildFile; fileRef = 5263DFE91E726D73006FF910 /* CustomSingletonClass.m */; };
/* End PBXBuildFile section */

/* Begin PBXFileReference section */
		5263DFCB1E726D09006FF910 /* SingletonClass.app */ = {isa = PBXFileReference; explicitFileType = wrapper.application; includeInIndex = 0; path = SingletonClass.app; sourceTree = BUILT_PRODUCTS_DIR; };
		5263DFCF1E726D09006FF910 /* main.m */ = {isa = PBXFileReference; lastKnownFileType = sourcecode.c.objc; path = main.m; sourceTree = "<group>"; };
		5263DFD11E726D09006FF910 /* AppDelegate.h */ = {isa = PBXFileReference; lastKnownFileType = sourcecode.c.h; path = AppDelegate.h; sourceTree = "<group>"; };
		5263DFD21E726D09006FF910 /* AppDelegate.m */ = {isa = PBXFileReference; lastKnownFileType = sourcecode.c.objc; path = AppDelegate.m; sourceTree = "<group>"; };
		5263DFD41E726D09006FF910 /* ViewController.h */ = {isa = PBXFileReference; lastKnownFileType = sourcecode.c.h; path = ViewController.h; sourceTree = "<group>"; };
		5263DFD51E726D09006FF910 /* ViewController.m */ = {isa = PBXFileReference; lastKnownFileType = sourcecode.c.objc; path = ViewController.m; sourceTree = "<group>"; };
		5263DFD81E726D0A006FF910 /* Base */ = {isa = PBXFileReference; lastKnownFileType = file.storyboard; name = Base; path = Base.lproj/Main.storyboard; sourceTree = "<group>"; };
		5263DFDB1E726D0A006FF910 /* SingletonClass.xcdatamodel */ = {isa = PBXFileReference; lastKnownFileType = wrapper.xcdatamodel; path = SingletonClass.xcdatamodel; sourceTree = "<group>"; };
		5263DFDD1E726D0A006FF910 /* Assets.xcassets */ = {isa = PBXFileReference; lastKnownFileType = folder.assetcatalog; path = Assets.xcassets; sourceTree = "<group>"; };
		5263DFE01E726D0A006FF910 /* Base */ = {isa = PBXFileReference; lastKnownFileType = file.storyboard; name = Base; path = Base.lproj/LaunchScreen.storyboard; sourceTree = "<group>"; };
		5263DFE21E726D0A006FF910 /* Info.plist */ = {isa = PBXFileReference; lastKnownFileType = text.plist.xml; path = Info.plist; sourceTree = "<group>"; };
		5263DFE81E726D73006FF910 /* CustomSingletonClass.h */ = {isa = PBXFileReference; fileEncoding = 4; lastKnownFileType = sourcecode.c.h; path = CustomSingletonClass.h; sourceTree = "<group>"; };
		5263DFE91E726D73006FF910 /* CustomSingletonClass.m */ = {isa = PBXFileReference; fileEncoding = 4; lastKnownFileType = sourcecode.c.objc; path = CustomSingletonClass.m; sourceTree = "<group>"; };
/* End PBXFileReference section */

/* Begin PBXFrameworksBuildPhase section */
		5263DFC81E726D09006FF910 /* Frameworks */ = {
			isa = PBXFrameworksBuildPhase;
			buildActionMask = 2147483647;
			files = (
			);
			runOnlyForDeploymentPostprocessing = 0;
		};
/* End PBXFrameworksBuildPhase section */

/* Begin PBXGroup section */
		5263DFC21E726D09006FF910 = {
			isa = PBXGroup;
			children = (
				5263DFCD1E726D09006FF910 /* SingletonClass */,
				5263DFCC1E726D09006FF910 /* Products */,
			);
			sourceTree = "<group>";
		};
		5263DFCC1E726D09006FF910 /* Products */ = {
			isa = PBXGroup;
			children = (
				5263DFCB1E726D09006FF910 /* SingletonClass.app */,
			);
			name = Products;
			sourceTree = "<group>";
		};
		5263DFCD1E726D09006FF910 /* SingletonClass */ = {
			isa = PBXGroup;
			children = (
				5263DFD11E726D09006FF910 /* AppDelegate.h */,
				5263DFD21E726D09006FF910 /* AppDelegate.m */,
				5263DFD41E726D09006FF910 /* ViewController.h */,
				5263DFD51E726D09006FF910 /* ViewController.m */,
				5263DFE81E726D73006FF910 /* CustomSingletonClass.h */,
				5263DFE91E726D73006FF910 /* CustomSingletonClass.m */,
				5263DFD71E726D0A006FF910 /* Main.storyboard */,
				5263DFDD1E726D0A006FF910 /* Assets.xcassets */,
				5263DFDF1E726D0A006FF910 /* LaunchScreen.storyboard */,
				5263DFE21E726D0A006FF910 /* Info.plist */,
				5263DFDA1E726D0A006FF910 /* SingletonClass.xcdatamodeld */,
				5263DFCE1E726D09006FF910 /* Supporting Files */,
			);
			path = SingletonClass;
			sourceTree = "<group>";
		};
		5263DFCE1E726D09006FF910 /* Supporting Files */ = {
			isa = PBXGroup;
			children = (
				5263DFCF1E726D09006FF910 /* main.m */,
			);
			name = "Supporting Files";
			sourceTree = "<group>";
		};
/* End PBXGroup section */

/* Begin PBXNativeTarget section */
		5263DFCA1E726D09006FF910 /* SingletonClass */ = {
			isa = PBXNativeTarget;
			buildConfigurationList = 5263DFE51E726D0A006FF910 /* Build configuration list for PBXNativeTarget "SingletonClass" */;
			buildPhases = (
				5263DFC71E726D09006FF910 /* Sources */,
				5263DFC81E726D09006FF910 /* Frameworks */,
				5263DFC91E726D09006FF910 /* Resources */,
			);
			buildRules = (
			);
			dependencies = (
			);
			name = SingletonClass;
			productName = SingletonClass;
			productReference = 5263DFCB1E726D09006FF910 /* SingletonClass.app */;
			productType = "com.apple.product-type.application";
		};
/* End PBXNativeTarget section */

/* Begin PBXProject section */
		5263DFC31E726D09006FF910 /* Project object */ = {
			isa = PBXProject;
			attributes = {
				LastUpgradeCheck = 0820;
				ORGANIZATIONNAME = com.neorays;
				TargetAttributes = {
					5263DFCA1E726D09006FF910 = {
						CreatedOnToolsVersion = 8.2.1;
						ProvisioningStyle = Automatic;
					};
				};
			};
			buildConfigurationList = 5263DFC61E726D09006FF910 /* Build configuration list for PBXProject "SingletonClass" */;
			compatibilityVersion = "Xcode 3.2";
			developmentRegion = English;
			hasScannedForEncodings = 0;
			knownRegions = (
				en,
				Base,
			);
			mainGroup = 5263DFC21E726D09006FF910;
			productRefGroup = 5263DFCC1E726D09006FF910 /* Products */;
			projectDirPath = "";
			projectRoot = "";
			targets = (
				5263DFCA1E726D09006FF910 /* SingletonClass */,
			);
		};
/* End PBXProject section */

/* Begin PBXResourcesBuildPhase section */
		5263DFC91E726D09006FF910 /* Resources */ = {
			isa = PBXResourcesBuildPhase;
			buildActionMask = 2147483647;
			files = (
				5263DFE11E726D0A006FF910 /* LaunchScreen.storyboard in Resources */,
				5263DFDE1E726D0A006FF910 /* Assets.xcassets in Resources */,
				5263DFD91E726D0A006FF910 /* Main.storyboard in Resources */,
			);
			runOnlyForDeploymentPostprocessing = 0;
		};
/* End PBXResourcesBuildPhase section */

/* Begin PBXSourcesBuildPhase section */
		5263DFC71E726D09006FF910 /* Sources */ = {
			isa = PBXSourcesBuildPhase;
			buildActionMask = 2147483647;
			files = (
				5263DFDC1E726D0A006FF910 /* SingletonClass.xcdatamodeld in Sources */,
				5263DFD61E726D09006FF910 /* ViewController.m in Sources */,
				5263DFD31E726D09006FF910 /* AppDelegate.m in Sources */,
				5263DFEA1E726D73006FF910 /* CustomSingletonClass.m in Sources */,
				5263DFD01E726D09006FF910 /* main.m in Sources */,
			);
			runOnlyForDeploymentPostprocessing = 0;
		};
/* End PBXSourcesBuildPhase section */

/* Begin PBXVariantGroup section */
		5263DFD71E726D0A006FF910 /* Main.storyboard */ = {
			isa = PBXVariantGroup;
			children = (
				5263DFD81E726D0A006FF910 /* Base */,
			);
			name = Main.storyboard;
			sourceTree = "<group>";
		};
		5263DFDF1E726D0A006FF910 /* LaunchScreen.storyboard */ = {
			isa = PBXVariantGroup;
			children = (
				5263DFE01E726D0A006FF910 /* Base */,
			);
			name = LaunchScreen.storyboard;
			sourceTree = "<group>";
		};
/* End PBXVariantGroup section */

/* Begin XCBuildConfiguration section */
		5263DFE31E726D0A006FF910 /* Debug */ = {
			isa = XCBuildConfiguration;
			buildSettings = {
				ALWAYS_SEARCH_USER_PATHS = NO;
				CLANG_ANALYZER_NONNULL = YES;
				CLANG_CXX_LANGUAGE_STANDARD = "gnu++0x";
				CLANG_CXX_LIBRARY = "libc++";
				CLANG_ENABLE_MODULES = YES;
				CLANG_ENABLE_OBJC_ARC = YES;
				CLANG_WARN_BOOL_CONVERSION = YES;
				CLANG_WARN_CONSTANT_CONVERSION = YES;
				CLANG_WARN_DIRECT_OBJC_ISA_USAGE = YES_ERROR;
				CLANG_WARN_DOCUMENTATION_COMMENTS = YES;
				CLANG_WARN_EMPTY_BODY = YES;
				CLANG_WARN_ENUM_CONVERSION = YES;
				CLANG_WARN_INFINITE_RECURSION = YES;
				CLANG_WARN_INT_CONVERSION = YES;
				CLANG_WARN_OBJC_ROOT_CLASS = YES_ERROR;
				CLANG_WARN_SUSPICIOUS_MOVE = YES;
				CLANG_WARN_UNREACHABLE_CODE = YES;
				CLANG_WARN__DUPLICATE_METHOD_MATCH = YES;
				"CODE_SIGN_IDENTITY[sdk=iphoneos*]" = "iPhone Developer";
				COPY_PHASE_STRIP = NO;
				DEBUG_INFORMATION_FORMAT = dwarf;
				ENABLE_STRICT_OBJC_MSGSEND = YES;
				ENABLE_TESTABILITY = YES;
				GCC_C_LANGUAGE_STANDARD = gnu99;
				GCC_DYNAMIC_NO_PIC = NO;
				GCC_NO_COMMON_BLOCKS = YES;
				GCC_OPTIMIZATION_LEVEL = 0;
				GCC_PREPROCESSOR_DEFINITIONS = (
					"DEBUG=1",
					"$(inherited)",
				);
				GCC_WARN_64_TO_32_BIT_CONVERSION = YES;
				GCC_WARN_ABOUT_RETURN_TYPE = YES_ERROR;
				GCC_WARN_UNDECLARED_SELECTOR = YES;
				GCC_WARN_UNINITIALIZED_AUTOS = YES_AGGRESSIVE;
				GCC_WARN_UNUSED_FUNCTION = YES;
				GCC_WARN_UNUSED_VARIABLE = YES;
				IPHONEOS_DEPLOYMENT_TARGET = 10.2;
				MTL_ENABLE_DEBUG_INFO = YES;
				ONLY_ACTIVE_ARCH = YES;
				SDKROOT = iphoneos;
				TARGETED_DEVICE_FAMILY = "1,2";
			};
			name = Debug;
		};
		5263DFE41E726D0A006FF910 /* Release */ = {
			isa = XCBuildConfiguration;
			buildSettings = {
				ALWAYS_SEARCH_USER_PATHS = NO;
				CLANG_ANALYZER_NONNULL = YES;
				CLANG_CXX_LANGUAGE_STANDARD = "gnu++0x";
				CLANG_CXX_LIBRARY = "libc++";
				CLANG_ENABLE_MODULES = YES;
				CLANG_ENABLE_OBJC_ARC = YES;
				CLANG_WARN_BOOL_CONVERSION = YES;
				CLANG_WARN_CONSTANT_CONVERSION = YES;
				CLANG_WARN_DIRECT_OBJC_ISA_USAGE = YES_ERROR;
				CLANG_WARN_DOCUMENTATION_COMMENTS = YES;
				CLANG_WARN_EMPTY_BODY = YES;
				CLANG_WARN_ENUM_CONVERSION = YES;
				CLANG_WARN_INFINITE_RECURSION = YES;
				CLANG_WARN_INT_CONVERSION = YES;
				CLANG_WARN_OBJC_ROOT_CLASS = YES_ERROR;
				CLANG_WARN_SUSPICIOUS_MOVE = YES;
				CLANG_WARN_UNREACHABLE_CODE = YES;
				CLANG_WARN__DUPLICATE_METHOD_MATCH = YES;
				"CODE_SIGN_IDENTITY[sdk=iphoneos*]" = "iPhone Developer";
				COPY_PHASE_STRIP = NO;
				DEBUG_INFORMATION_FORMAT = "dwarf-with-dsym";
				ENABLE_NS_ASSERTIONS = NO;
				ENABLE_STRICT_OBJC_MSGSEND = YES;
				GCC_C_LANGUAGE_STANDARD = gnu99;
				GCC_NO_COMMON_BLOCKS = YES;
				GCC_WARN_64_TO_32_BIT_CONVERSION = YES;
				GCC_WARN_ABOUT_RETURN_TYPE = YES_ERROR;
				GCC_WARN_UNDECLARED_SELECTOR = YES;
				GCC_WARN_UNINITIALIZED_AUTOS = YES_AGGRESSIVE;
				GCC_WARN_UNUSED_FUNCTION = YES;
				GCC_WARN_UNUSED_VARIABLE = YES;
				IPHONEOS_DEPLOYMENT_TARGET = 10.2;
				MTL_ENABLE_DEBUG_INFO = NO;
				SDKROOT = iphoneos;
				TARGETED_DEVICE_FAMILY = "1,2";
				VALIDATE_PRODUCT = YES;
			};
			name = Release;
		};
		5263DFE61E726D0A006FF910 /* Debug */ = {
			isa = XCBuildConfiguration;
			buildSettings = {
				ASSETCATALOG_COMPILER_APPICON_NAME = AppIcon;
				INFOPLIST_FILE = SingletonClass/Info.plist;
				LD_RUNPATH_SEARCH_PATHS = "$(inherited) @executable_path/Frameworks";
				PRODUCT_BUNDLE_IDENTIFIER = com.neorays.SingletonClass;
				PRODUCT_NAME = "$(TARGET_NAME)";
			};
			name = Debug;
		};
		5263DFE71E726D0A006FF910 /* Release */ = {
			isa = XCBuildConfiguration;
			buildSettings = {
				ASSETCATALOG_COMPILER_APPICON_NAME = AppIcon;
				INFOPLIST_FILE = SingletonClass/Info.plist;
				LD_RUNPATH_SEARCH_PATHS = "$(inherited) @executable_path/Frameworks";
				PRODUCT_BUNDLE_IDENTIFIER = com.neorays.SingletonClass;
				PRODUCT_NAME = "$(TARGET_NAME)";
			};
			name = Release;
		};
/* End XCBuildConfiguration section */

/* Begin XCConfigurationList section */
		5263DFC61E726D09006FF910 /* Build configuration list for PBXProject "SingletonClass" */ = {
			isa = XCConfigurationList;
			buildConfigurations = (
				5263DFE31E726D0A006FF910 /* Debug */,
				5263DFE41E726D0A006FF910 /* Release */,
			);
			defaultConfigurationIsVisible = 0;
			defaultConfigurationName = Release;
		};
		5263DFE51E726D0A006FF910 /* Build configuration list for PBXNativeTarget "SingletonClass" */ = {
			isa = XCConfigurationList;
			buildConfigurations = (
				5263DFE61E726D0A006FF910 /* Debug */,
				5263DFE71E726D0A006FF910 /* Release */,
			);
			defaultConfigurationIsVisible = 0;
		};
/* End XCConfigurationList section */

/* Begin XCVersionGroup section */
		5263DFDA1E726D0A006FF910 /* SingletonClass.xcdatamodeld */ = {
			isa = XCVersionGroup;
			children = (
				5263DFDB1E726D0A006FF910 /* SingletonClass.xcdatamodel */,
			);
			currentVersion = 5263DFDB1E726D0A006FF910 /* SingletonClass.xcdatamodel */;
			path = SingletonClass.xcdatamodeld;
			sourceTree = "<group>";
			versionGroupType = wrapper.xcdatamodel;
		};
/* End XCVersionGroup section */
	};
	rootObject = 5263DFC31E726D09006FF910 /* Project object */;
}
